
Microsoft Visual Studio Solution File, Format Version 12.00
# Visual Studio Version 17
VisualStudioVersion = 17.11.35327.3
MinimumVisualStudioVersion = 10.0.40219.1
Project("{FAE04EC0-301F-11D3-BF4B-00C04F79EFBC}") = "HospitalWebsite", "HospitalWebsite\HospitalWebsite.csproj", "{0200D313-E351-40AB-8487-5D16107FD3A0}"
EndProject
Global
	GlobalSection(SolutionConfigurationPlatforms) = preSolution
		Debug|Any CPU = Debug|Any CPU
		Release|Any CPU = Release|Any CPU
	EndGlobalSection
	GlobalSection(ProjectConfigurationPlatforms) = postSolution
		{0200D313-E351-40AB-8487-5D16107FD3A0}.Debug|Any CPU.ActiveCfg = Debug|Any CPU
		{0200D313-E351-40AB-8487-5D16107FD3A0}.Debug|Any CPU.Build.0 = Debug|Any CPU
		{0200D313-E351-40AB-8487-5D16107FD3A0}.Release|Any CPU.ActiveCfg = Release|Any CPU
		{0200D313-E351-40AB-8487-5D16107FD3A0}.Release|Any CPU.Build.0 = Release|Any CPU
	EndGlobalSection
	GlobalSection(SolutionProperties) = preSolution
		HideSolutionNode = FALSE
	EndGlobalSection
	GlobalSection(ExtensibilityGlobals) = postSolution
		SolutionGuid = {5F740171-783D-42E6-9710-6B9AEB774A2D}
	EndGlobalSection
EndGlobal
